
Microsoft Visual Studio Solution File, Format Version 12.00
# Visual Studio Version 16
VisualStudioVersion = 16.0.28803.452
MinimumVisualStudioVersion = 10.0.40219.1
Project("{9A19103F-16F7-4668-BE54-9A1E7A4F7556}") = "LambdaKinesisSample", "LambdaKinesisSample\LambdaKinesisSample.csproj", "{026D42D1-5E7C-4290-8401-6EF9FDDCC2EC}"
EndProject
Project("{9A19103F-16F7-4668-BE54-9A1E7A4F7556}") = "StepFunctionsSample", "StepFunctionsSample\StepFunctionsSample.csproj", "{DE3C237D-71B2-4881-A92A-EF4C60ACA9BD}"
EndProject
Project("{9A19103F-16F7-4668-BE54-9A1E7A4F7556}") = "LambdaFirehoseSample", "LambdaFirehoseSample\LambdaFirehoseSample.csproj", "{4C649BBE-C31B-4670-923A-57B8C215F702}"
EndProject
Project("{9A19103F-16F7-4668-BE54-9A1E7A4F7556}") = "LambdaSample.CommonLibrary", "LambdaSample.CommonLibrary\LambdaSample.CommonLibrary.csproj", "{D0D9CD5F-1B75-453C-961F-535A945C24FD}"
EndProject
Project("{9A19103F-16F7-4668-BE54-9A1E7A4F7556}") = "LambdaSample.CommonLibrary.Tests", "LambdaSample.CommonLibrary.Tests\LambdaSample.CommonLibrary.Tests.csproj", "{6491FA9D-C382-405F-B319-C4DBF5917334}"
EndProject
Project("{9A19103F-16F7-4668-BE54-9A1E7A4F7556}") = "LambdaSample.SampleInOutFunction", "LambdaSample.SampleInOutFunction\LambdaSample.SampleInOutFunction.csproj", "{B6D4136E-F9E4-4AB2-AE8C-55A9FEAB5002}"
EndProject
Project("{9A19103F-16F7-4668-BE54-9A1E7A4F7556}") = "LambdaSample.SampleInOutFunction.Tests", "LambdaSample.SampleInOutFunction.Tests\LambdaSample.SampleInOutFunction.Tests.csproj", "{4C8D871F-D111-44A9-9511-B55B5FDAC89D}"
EndProject
Project("{9A19103F-16F7-4668-BE54-9A1E7A4F7556}") = "LambdaSample.PutDynamoDbEventFunction", "LambdaSample.PutDynamoDbEventFunction\LambdaSample.PutDynamoDbEventFunction.csproj", "{DA5529DE-F0CC-4C89-AAFD-53E35B8AC0BC}"
EndProject
Global
	GlobalSection(SolutionConfigurationPlatforms) = preSolution
		Debug|Any CPU = Debug|Any CPU
		Release|Any CPU = Release|Any CPU
	EndGlobalSection
	GlobalSection(ProjectConfigurationPlatforms) = postSolution
		{026D42D1-5E7C-4290-8401-6EF9FDDCC2EC}.Debug|Any CPU.ActiveCfg = Debug|Any CPU
		{026D42D1-5E7C-4290-8401-6EF9FDDCC2EC}.Debug|Any CPU.Build.0 = Debug|Any CPU
		{026D42D1-5E7C-4290-8401-6EF9FDDCC2EC}.Release|Any CPU.ActiveCfg = Release|Any CPU
		{026D42D1-5E7C-4290-8401-6EF9FDDCC2EC}.Release|Any CPU.Build.0 = Release|Any CPU
		{DE3C237D-71B2-4881-A92A-EF4C60ACA9BD}.Debug|Any CPU.ActiveCfg = Debug|Any CPU
		{DE3C237D-71B2-4881-A92A-EF4C60ACA9BD}.Debug|Any CPU.Build.0 = Debug|Any CPU
		{DE3C237D-71B2-4881-A92A-EF4C60ACA9BD}.Release|Any CPU.ActiveCfg = Release|Any CPU
		{DE3C237D-71B2-4881-A92A-EF4C60ACA9BD}.Release|Any CPU.Build.0 = Release|Any CPU
		{4C649BBE-C31B-4670-923A-57B8C215F702}.Debug|Any CPU.ActiveCfg = Debug|Any CPU
		{4C649BBE-C31B-4670-923A-57B8C215F702}.Debug|Any CPU.Build.0 = Debug|Any CPU
		{4C649BBE-C31B-4670-923A-57B8C215F702}.Release|Any CPU.ActiveCfg = Release|Any CPU
		{4C649BBE-C31B-4670-923A-57B8C215F702}.Release|Any CPU.Build.0 = Release|Any CPU
		{D0D9CD5F-1B75-453C-961F-535A945C24FD}.Debug|Any CPU.ActiveCfg = Debug|Any CPU
		{D0D9CD5F-1B75-453C-961F-535A945C24FD}.Debug|Any CPU.Build.0 = Debug|Any CPU
		{D0D9CD5F-1B75-453C-961F-535A945C24FD}.Release|Any CPU.ActiveCfg = Release|Any CPU
		{D0D9CD5F-1B75-453C-961F-535A945C24FD}.Release|Any CPU.Build.0 = Release|Any CPU
		{6491FA9D-C382-405F-B319-C4DBF5917334}.Debug|Any CPU.ActiveCfg = Debug|Any CPU
		{6491FA9D-C382-405F-B319-C4DBF5917334}.Debug|Any CPU.Build.0 = Debug|Any CPU
		{6491FA9D-C382-405F-B319-C4DBF5917334}.Release|Any CPU.ActiveCfg = Release|Any CPU
		{6491FA9D-C382-405F-B319-C4DBF5917334}.Release|Any CPU.Build.0 = Release|Any CPU
		{B6D4136E-F9E4-4AB2-AE8C-55A9FEAB5002}.Debug|Any CPU.ActiveCfg = Debug|Any CPU
		{B6D4136E-F9E4-4AB2-AE8C-55A9FEAB5002}.Debug|Any CPU.Build.0 = Debug|Any CPU
		{B6D4136E-F9E4-4AB2-AE8C-55A9FEAB5002}.Release|Any CPU.ActiveCfg = Release|Any CPU
		{B6D4136E-F9E4-4AB2-AE8C-55A9FEAB5002}.Release|Any CPU.Build.0 = Release|Any CPU
		{4C8D871F-D111-44A9-9511-B55B5FDAC89D}.Debug|Any CPU.ActiveCfg = Debug|Any CPU
		{4C8D871F-D111-44A9-9511-B55B5FDAC89D}.Debug|Any CPU.Build.0 = Debug|Any CPU
		{4C8D871F-D111-44A9-9511-B55B5FDAC89D}.Release|Any CPU.ActiveCfg = Release|Any CPU
		{4C8D871F-D111-44A9-9511-B55B5FDAC89D}.Release|Any CPU.Build.0 = Release|Any CPU
		{DA5529DE-F0CC-4C89-AAFD-53E35B8AC0BC}.Debug|Any CPU.ActiveCfg = Debug|Any CPU
		{DA5529DE-F0CC-4C89-AAFD-53E35B8AC0BC}.Debug|Any CPU.Build.0 = Debug|Any CPU
		{DA5529DE-F0CC-4C89-AAFD-53E35B8AC0BC}.Release|Any CPU.ActiveCfg = Release|Any CPU
		{DA5529DE-F0CC-4C89-AAFD-53E35B8AC0BC}.Release|Any CPU.Build.0 = Release|Any CPU
	EndGlobalSection
	GlobalSection(SolutionProperties) = preSolution
		HideSolutionNode = FALSE
	EndGlobalSection
	GlobalSection(ExtensibilityGlobals) = postSolution
		SolutionGuid = {CF4ECB1F-1F4E-4C13-83D3-E915E614DF6D}
	EndGlobalSection
EndGlobal
